
Microsoft Visual Studio Solution File, Format Version 12.00
# Visual Studio 15
VisualStudioVersion = 15.0.27130.2010
MinimumVisualStudioVersion = 10.0.40219.1
Project("{FAE04EC0-301F-11D3-BF4B-00C04F79EFBC}") = "SmokeMonster Romset Parser", "SmokeMonster Romset Parser\SmokeMonster Romset Parser.csproj", "{33CA7450-7261-41F8-88C2-9D70A1A63C29}"
EndProject
Global
	GlobalSection(SolutionConfigurationPlatforms) = preSolution
		Debug|Any CPU = Debug|Any CPU
		Release|Any CPU = Release|Any CPU
	EndGlobalSection
	GlobalSection(ProjectConfigurationPlatforms) = postSolution
		{33CA7450-7261-41F8-88C2-9D70A1A63C29}.Debug|Any CPU.ActiveCfg = Debug|Any CPU
		{33CA7450-7261-41F8-88C2-9D70A1A63C29}.Debug|Any CPU.Build.0 = Debug|Any CPU
		{33CA7450-7261-41F8-88C2-9D70A1A63C29}.Release|Any CPU.ActiveCfg = Release|Any CPU
		{33CA7450-7261-41F8-88C2-9D70A1A63C29}.Release|Any CPU.Build.0 = Release|Any CPU
	EndGlobalSection
	GlobalSection(SolutionProperties) = preSolution
		HideSolutionNode = FALSE
	EndGlobalSection
	GlobalSection(ExtensibilityGlobals) = postSolution
		SolutionGuid = {6FC5DB51-5411-4877-A49A-E142DDBAAEE9}
	EndGlobalSection
EndGlobal
